
Microsoft Visual Studio Solution File, Format Version 12.00
# Visual Studio Version 17
VisualStudioVersion = 17.14.36109.1 d17.14
MinimumVisualStudioVersion = 10.0.40219.1
Project("{FAE04EC0-301F-11D3-BF4B-00C04F79EFBC}") = "SmartCampusPortal", "SmartCampusPortal\SmartCampusPortal.csproj", "{7D15E8E8-C896-4968-A1C5-62C6C935FF17}"
EndProject
Global
	GlobalSection(SolutionConfigurationPlatforms) = preSolution
		Debug|Any CPU = Debug|Any CPU
		Release|Any CPU = Release|Any CPU
	EndGlobalSection
	GlobalSection(ProjectConfigurationPlatforms) = postSolution
		{7D15E8E8-C896-4968-A1C5-62C6C935FF17}.Debug|Any CPU.ActiveCfg = Debug|Any CPU
		{7D15E8E8-C896-4968-A1C5-62C6C935FF17}.Debug|Any CPU.Build.0 = Debug|Any CPU
		{7D15E8E8-C896-4968-A1C5-62C6C935FF17}.Release|Any CPU.ActiveCfg = Release|Any CPU
		{7D15E8E8-C896-4968-A1C5-62C6C935FF17}.Release|Any CPU.Build.0 = Release|Any CPU
	EndGlobalSection
	GlobalSection(SolutionProperties) = preSolution
		HideSolutionNode = FALSE
	EndGlobalSection
	GlobalSection(ExtensibilityGlobals) = postSolution
		SolutionGuid = {25164A45-4DC5-4395-A0EE-23C1A584D036}
	EndGlobalSection
EndGlobal
